
Microsoft Visual Studio Solution File, Format Version 12.00
# Visual Studio 15
VisualStudioVersion = 15.0.28307.1145
MinimumVisualStudioVersion = 10.0.40219.1
Project("{FAE04EC0-301F-11D3-BF4B-00C04F79EFBC}") = "LineMax", "LineMax\LineMax.csproj", "{EE2302B5-1325-4AB3-A657-11881E01237F}"
EndProject
Project("{FAE04EC0-301F-11D3-BF4B-00C04F79EFBC}") = "LineMaxTests", "LineMaxTests\LineMaxTests.csproj", "{B113456B-B392-44D9-A248-6FF0821939F6}"
EndProject
Global
	GlobalSection(SolutionConfigurationPlatforms) = preSolution
		Debug|Any CPU = Debug|Any CPU
		Release|Any CPU = Release|Any CPU
	EndGlobalSection
	GlobalSection(ProjectConfigurationPlatforms) = postSolution
		{EE2302B5-1325-4AB3-A657-11881E01237F}.Debug|Any CPU.ActiveCfg = Debug|Any CPU
		{EE2302B5-1325-4AB3-A657-11881E01237F}.Debug|Any CPU.Build.0 = Debug|Any CPU
		{EE2302B5-1325-4AB3-A657-11881E01237F}.Release|Any CPU.ActiveCfg = Release|Any CPU
		{EE2302B5-1325-4AB3-A657-11881E01237F}.Release|Any CPU.Build.0 = Release|Any CPU
		{B113456B-B392-44D9-A248-6FF0821939F6}.Debug|Any CPU.ActiveCfg = Debug|Any CPU
		{B113456B-B392-44D9-A248-6FF0821939F6}.Debug|Any CPU.Build.0 = Debug|Any CPU
		{B113456B-B392-44D9-A248-6FF0821939F6}.Release|Any CPU.ActiveCfg = Release|Any CPU
		{B113456B-B392-44D9-A248-6FF0821939F6}.Release|Any CPU.Build.0 = Release|Any CPU
	EndGlobalSection
	GlobalSection(SolutionProperties) = preSolution
		HideSolutionNode = FALSE
	EndGlobalSection
	GlobalSection(ExtensibilityGlobals) = postSolution
		SolutionGuid = {549717FB-8E53-4DB0-AF87-4F525CED8F8A}
	EndGlobalSection
EndGlobal
